
Microsoft Visual Studio Solution File, Format Version 12.00
# Visual Studio Version 17
VisualStudioVersion = 17.7.34009.444
MinimumVisualStudioVersion = 10.0.40219.1
Project("{FAE04EC0-301F-11D3-BF4B-00C04F79EFBC}") = "about", "about\about.csproj", "{07C5BDD6-4448-4B37-A200-C3332381DBF2}"
EndProject
Global
	GlobalSection(SolutionConfigurationPlatforms) = preSolution
		Debug|Any CPU = Debug|Any CPU
		Release|Any CPU = Release|Any CPU
	EndGlobalSection
	GlobalSection(ProjectConfigurationPlatforms) = postSolution
		{07C5BDD6-4448-4B37-A200-C3332381DBF2}.Debug|Any CPU.ActiveCfg = Debug|Any CPU
		{07C5BDD6-4448-4B37-A200-C3332381DBF2}.Debug|Any CPU.Build.0 = Debug|Any CPU
		{07C5BDD6-4448-4B37-A200-C3332381DBF2}.Release|Any CPU.ActiveCfg = Release|Any CPU
		{07C5BDD6-4448-4B37-A200-C3332381DBF2}.Release|Any CPU.Build.0 = Release|Any CPU
	EndGlobalSection
	GlobalSection(SolutionProperties) = preSolution
		HideSolutionNode = FALSE
	EndGlobalSection
	GlobalSection(ExtensibilityGlobals) = postSolution
		SolutionGuid = {925C8922-BC92-4EBF-8581-593D25813D84}
	EndGlobalSection
EndGlobal
